// !$*UTF8*$!
{
	archiveVersion = 1;
	classes = {
	};
	objectVersion = 55;
	objects = {

/* Begin PBXBuildFile section */
		8A23615827B3076200C3F145 /* SwiftOTP in Frameworks */ = {isa = PBXBuildFile; productRef = 8A23615727B3076200C3F145 /* SwiftOTP */; };
		8A6190B9274719E10098EA94 /* QRCodeView.swift in Sources */ = {isa = PBXBuildFile; fileRef = 8A6190B8274719E10098EA94 /* QRCodeView.swift */; };
		8A7CCE312705EE6300BC098F /* RootView.swift in Sources */ = {isa = PBXBuildFile; fileRef = 8A7CCE302705EE6300BC098F /* RootView.swift */; };
		8A7CCE332705EE6300BC098F /* HomeView.swift in Sources */ = {isa = PBXBuildFile; fileRef = 8A7CCE322705EE6300BC098F /* HomeView.swift */; };
		8A7CCE352705EE6500BC098F /* Assets.xcassets in Resources */ = {isa = PBXBuildFile; fileRef = 8A7CCE342705EE6500BC098F /* Assets.xcassets */; };
		8A7CCE382705EE6500BC098F /* Preview Assets.xcassets in Resources */ = {isa = PBXBuildFile; fileRef = 8A7CCE372705EE6500BC098F /* Preview Assets.xcassets */; };
		8AB8E73D27B98C9A009082DE /* Alert + Extension.swift in Sources */ = {isa = PBXBuildFile; fileRef = 8AB8E73C27B98C9A009082DE /* Alert + Extension.swift */; };
		8AB8E73F27B98CB5009082DE /* AlertMessage.swift in Sources */ = {isa = PBXBuildFile; fileRef = 8AB8E73E27B98CB5009082DE /* AlertMessage.swift */; };
		8AB8E74127B9ABFB009082DE /* ActivityIndicator.swift in Sources */ = {isa = PBXBuildFile; fileRef = 8AB8E74027B9ABFB009082DE /* ActivityIndicator.swift */; };
		8AC1F18327B02D3C00781260 /* CoreNetwork.swift in Sources */ = {isa = PBXBuildFile; fileRef = 8AC1F18227B02D3C00781260 /* CoreNetwork.swift */; };
		8AC1F18527B02DB000781260 /* API.swift in Sources */ = {isa = PBXBuildFile; fileRef = 8AC1F18427B02DB000781260 /* API.swift */; };
		8AC1F18727B02DDC00781260 /* NetworkService.swift in Sources */ = {isa = PBXBuildFile; fileRef = 8AC1F18627B02DDC00781260 /* NetworkService.swift */; };
		8AC1F18C27B02FFF00781260 /* KeychainSwift in Frameworks */ = {isa = PBXBuildFile; productRef = 8AC1F18B27B02FFF00781260 /* KeychainSwift */; };
		8AC1F18F27B031C300781260 /* String + Extension.swift in Sources */ = {isa = PBXBuildFile; fileRef = 8AC1F18E27B031C300781260 /* String + Extension.swift */; };
		8AC1F19127B0326500781260 /* DefaultResponse.swift in Sources */ = {isa = PBXBuildFile; fileRef = 8AC1F19027B0326500781260 /* DefaultResponse.swift */; };
		8AC1F19427B0355400781260 /* LoginResponse.swift in Sources */ = {isa = PBXBuildFile; fileRef = 8AC1F19327B0355400781260 /* LoginResponse.swift */; };
		8AC1F19727B0390500781260 /* AuthView.swift in Sources */ = {isa = PBXBuildFile; fileRef = 8AC1F19627B0390500781260 /* AuthView.swift */; };
		8AC1F19927B03AE000781260 /* View + Extension.swift in Sources */ = {isa = PBXBuildFile; fileRef = 8AC1F19827B03AE000781260 /* View + Extension.swift */; };
		8AC1F19C27B05F8B00781260 /* HiddenNavigationBar.swift in Sources */ = {isa = PBXBuildFile; fileRef = 8AC1F19B27B05F8B00781260 /* HiddenNavigationBar.swift */; };
		8AC1F1A327B070FD00781260 /* TOTPResponse.swift in Sources */ = {isa = PBXBuildFile; fileRef = 8AC1F1A227B070FD00781260 /* TOTPResponse.swift */; };
/* End PBXBuildFile section */

/* Begin PBXFileReference section */
		8A6190B8274719E10098EA94 /* QRCodeView.swift */ = {isa = PBXFileReference; lastKnownFileType = sourcecode.swift; path = QRCodeView.swift; sourceTree = "<group>"; };
		8A7CCE2D2705EE6300BC098F /* SaveYourData.app */ = {isa = PBXFileReference; explicitFileType = wrapper.application; includeInIndex = 0; path = SaveYourData.app; sourceTree = BUILT_PRODUCTS_DIR; };
		8A7CCE302705EE6300BC098F /* RootView.swift */ = {isa = PBXFileReference; lastKnownFileType = sourcecode.swift; path = RootView.swift; sourceTree = "<group>"; };
		8A7CCE322705EE6300BC098F /* HomeView.swift */ = {isa = PBXFileReference; lastKnownFileType = sourcecode.swift; path = HomeView.swift; sourceTree = "<group>"; };
		8A7CCE342705EE6500BC098F /* Assets.xcassets */ = {isa = PBXFileReference; lastKnownFileType = folder.assetcatalog; path = Assets.xcassets; sourceTree = "<group>"; };
		8A7CCE372705EE6500BC098F /* Preview Assets.xcassets */ = {isa = PBXFileReference; lastKnownFileType = folder.assetcatalog; path = "Preview Assets.xcassets"; sourceTree = "<group>"; };
		8A7CCE7A2705F0EE00BC098F /* Info.plist */ = {isa = PBXFileReference; lastKnownFileType = text.plist; path = Info.plist; sourceTree = "<group>"; };
		8AB8E73C27B98C9A009082DE /* Alert + Extension.swift */ = {isa = PBXFileReference; lastKnownFileType = sourcecode.swift; path = "Alert + Extension.swift"; sourceTree = "<group>"; };
		8AB8E73E27B98CB5009082DE /* AlertMessage.swift */ = {isa = PBXFileReference; lastKnownFileType = sourcecode.swift; path = AlertMessage.swift; sourceTree = "<group>"; };
		8AB8E74027B9ABFB009082DE /* ActivityIndicator.swift */ = {isa = PBXFileReference; lastKnownFileType = sourcecode.swift; path = ActivityIndicator.swift; sourceTree = "<group>"; };
		8AC1F18227B02D3C00781260 /* CoreNetwork.swift */ = {isa = PBXFileReference; lastKnownFileType = sourcecode.swift; path = CoreNetwork.swift; sourceTree = "<group>"; };
		8AC1F18427B02DB000781260 /* API.swift */ = {isa = PBXFileReference; lastKnownFileType = sourcecode.swift; path = API.swift; sourceTree = "<group>"; };
		8AC1F18627B02DDC00781260 /* NetworkService.swift */ = {isa = PBXFileReference; lastKnownFileType = sourcecode.swift; path = NetworkService.swift; sourceTree = "<group>"; };
		8AC1F18E27B031C300781260 /* String + Extension.swift */ = {isa = PBXFileReference; lastKnownFileType = sourcecode.swift; path = "String + Extension.swift"; sourceTree = "<group>"; };
		8AC1F19027B0326500781260 /* DefaultResponse.swift */ = {isa = PBXFileReference; lastKnownFileType = sourcecode.swift; path = DefaultResponse.swift; sourceTree = "<group>"; };
		8AC1F19327B0355400781260 /* LoginResponse.swift */ = {isa = PBXFileReference; lastKnownFileType = sourcecode.swift; path = LoginResponse.swift; sourceTree = "<group>"; };
		8AC1F19627B0390500781260 /* AuthView.swift */ = {isa = PBXFileReference; lastKnownFileType = sourcecode.swift; path = AuthView.swift; sourceTree = "<group>"; };
		8AC1F19827B03AE000781260 /* View + Extension.swift */ = {isa = PBXFileReference; lastKnownFileType = sourcecode.swift; path = "View + Extension.swift"; sourceTree = "<group>"; };
		8AC1F19B27B05F8B00781260 /* HiddenNavigationBar.swift */ = {isa = PBXFileReference; lastKnownFileType = sourcecode.swift; path = HiddenNavigationBar.swift; sourceTree = "<group>"; };
		8AC1F1A227B070FD00781260 /* TOTPResponse.swift */ = {isa = PBXFileReference; lastKnownFileType = sourcecode.swift; path = TOTPResponse.swift; sourceTree = "<group>"; };
/* End PBXFileReference section */

/* Begin PBXFrameworksBuildPhase section */
		8A7CCE2A2705EE6300BC098F /* Frameworks */ = {
			isa = PBXFrameworksBuildPhase;
			buildActionMask = 2147483647;
			files = (
				8A23615827B3076200C3F145 /* SwiftOTP in Frameworks */,
				8AC1F18C27B02FFF00781260 /* KeychainSwift in Frameworks */,
			);
			runOnlyForDeploymentPostprocessing = 0;
		};
/* End PBXFrameworksBuildPhase section */

/* Begin PBXGroup section */
		8A7CCE242705EE6300BC098F = {
			isa = PBXGroup;
			children = (
				8A7CCE2F2705EE6300BC098F /* SaveYourData */,
				8A7CCE2E2705EE6300BC098F /* Products */,
			);
			sourceTree = "<group>";
		};
		8A7CCE2E2705EE6300BC098F /* Products */ = {
			isa = PBXGroup;
			children = (
				8A7CCE2D2705EE6300BC098F /* SaveYourData.app */,
			);
			name = Products;
			sourceTree = "<group>";
		};
		8A7CCE2F2705EE6300BC098F /* SaveYourData */ = {
			isa = PBXGroup;
			children = (
				8AC1F19227B0353100781260 /* Models */,
				8AC1F18D27B031AE00781260 /* Extensions */,
				8AC1F18127B02D0400781260 /* Service */,
				8AC1F19527B038E200781260 /* UI */,
				8A7CCE7A2705F0EE00BC098F /* Info.plist */,
				8A7CCE342705EE6500BC098F /* Assets.xcassets */,
				8A7CCE362705EE6500BC098F /* Preview Content */,
			);
			path = SaveYourData;
			sourceTree = "<group>";
		};
		8A7CCE362705EE6500BC098F /* Preview Content */ = {
			isa = PBXGroup;
			children = (
				8A7CCE372705EE6500BC098F /* Preview Assets.xcassets */,
			);
			path = "Preview Content";
			sourceTree = "<group>";
		};
		8AC1F18127B02D0400781260 /* Service */ = {
			isa = PBXGroup;
			children = (
				8AC1F18827B02DE800781260 /* Core */,
				8AC1F18427B02DB000781260 /* API.swift */,
				8AC1F18627B02DDC00781260 /* NetworkService.swift */,
			);
			path = Service;
			sourceTree = "<group>";
		};
		8AC1F18827B02DE800781260 /* Core */ = {
			isa = PBXGroup;
			children = (
				8AC1F18227B02D3C00781260 /* CoreNetwork.swift */,
				8AC1F19027B0326500781260 /* DefaultResponse.swift */,
			);
			path = Core;
			sourceTree = "<group>";
		};
		8AC1F18D27B031AE00781260 /* Extensions */ = {
			isa = PBXGroup;
			children = (
				8AC1F18E27B031C300781260 /* String + Extension.swift */,
				8AC1F19827B03AE000781260 /* View + Extension.swift */,
				8AB8E73C27B98C9A009082DE /* Alert + Extension.swift */,
			);
			path = Extensions;
			sourceTree = "<group>";
		};
		8AC1F19227B0353100781260 /* Models */ = {
			isa = PBXGroup;
			children = (
				8AC1F19327B0355400781260 /* LoginResponse.swift */,
				8AC1F1A227B070FD00781260 /* TOTPResponse.swift */,
				8AB8E73E27B98CB5009082DE /* AlertMessage.swift */,
			);
			path = Models;
			sourceTree = "<group>";
		};
		8AC1F19527B038E200781260 /* UI */ = {
			isa = PBXGroup;
			children = (
				8AC1F19E27B0602800781260 /* AuthView */,
				8AC1F19A27B05F7900781260 /* Common */,
				8AC1F19F27B0606C00781260 /* HomeView */,
				8AC1F19D27B0601C00781260 /* RootView */,
			);
			path = UI;
			sourceTree = "<group>";
		};
		8AC1F19A27B05F7900781260 /* Common */ = {
			isa = PBXGroup;
			children = (
				8AB8E74027B9ABFB009082DE /* ActivityIndicator.swift */,
				8AC1F19B27B05F8B00781260 /* HiddenNavigationBar.swift */,
			);
			path = Common;
			sourceTree = "<group>";
		};
		8AC1F19D27B0601C00781260 /* RootView */ = {
			isa = PBXGroup;
			children = (
				8A7CCE302705EE6300BC098F /* RootView.swift */,
			);
			path = RootView;
			sourceTree = "<group>";
		};
		8AC1F19E27B0602800781260 /* AuthView */ = {
			isa = PBXGroup;
			children = (
				8AC1F19627B0390500781260 /* AuthView.swift */,
			);
			path = AuthView;
			sourceTree = "<group>";
		};
		8AC1F19F27B0606C00781260 /* HomeView */ = {
			isa = PBXGroup;
			children = (
				8A6190B8274719E10098EA94 /* QRCodeView.swift */,
				8A7CCE322705EE6300BC098F /* HomeView.swift */,
			);
			path = HomeView;
			sourceTree = "<group>";
		};
/* End PBXGroup section */

/* Begin PBXNativeTarget section */
		8A7CCE2C2705EE6300BC098F /* SaveYourData */ = {
			isa = PBXNativeTarget;
			buildConfigurationList = 8A7CCE512705EE6500BC098F /* Build configuration list for PBXNativeTarget "SaveYourData" */;
			buildPhases = (
				8A7CCE292705EE6300BC098F /* Sources */,
				8A7CCE2A2705EE6300BC098F /* Frameworks */,
				8A7CCE2B2705EE6300BC098F /* Resources */,
			);
			buildRules = (
			);
			dependencies = (
			);
			name = SaveYourData;
			packageProductDependencies = (
				8AC1F18B27B02FFF00781260 /* KeychainSwift */,
				8A23615727B3076200C3F145 /* SwiftOTP */,
			);
			productName = SaveYourData;
			productReference = 8A7CCE2D2705EE6300BC098F /* SaveYourData.app */;
			productType = "com.apple.product-type.application";
		};
/* End PBXNativeTarget section */

/* Begin PBXProject section */
		8A7CCE252705EE6300BC098F /* Project object */ = {
			isa = PBXProject;
			attributes = {
				BuildIndependentTargetsInParallel = 1;
				LastSwiftUpdateCheck = 1300;
				LastUpgradeCheck = 1300;
				TargetAttributes = {
					8A7CCE2C2705EE6300BC098F = {
						CreatedOnToolsVersion = 13.0;
					};
				};
			};
			buildConfigurationList = 8A7CCE282705EE6300BC098F /* Build configuration list for PBXProject "SaveYourData" */;
			compatibilityVersion = "Xcode 13.0";
			developmentRegion = en;
			hasScannedForEncodings = 0;
			knownRegions = (
				en,
				Base,
			);
			mainGroup = 8A7CCE242705EE6300BC098F;
			packageReferences = (
				8AC1F18A27B02FFF00781260 /* XCRemoteSwiftPackageReference "keychain-swift" */,
				8A23615627B3076200C3F145 /* XCRemoteSwiftPackageReference "SwiftOTP" */,
			);
			productRefGroup = 8A7CCE2E2705EE6300BC098F /* Products */;
			projectDirPath = "";
			projectRoot = "";
			targets = (
				8A7CCE2C2705EE6300BC098F /* SaveYourData */,
			);
		};
/* End PBXProject section */

/* Begin PBXResourcesBuildPhase section */
		8A7CCE2B2705EE6300BC098F /* Resources */ = {
			isa = PBXResourcesBuildPhase;
			buildActionMask = 2147483647;
			files = (
				8A7CCE382705EE6500BC098F /* Preview Assets.xcassets in Resources */,
				8A7CCE352705EE6500BC098F /* Assets.xcassets in Resources */,
			);
			runOnlyForDeploymentPostprocessing = 0;
		};
/* End PBXResourcesBuildPhase section */

/* Begin PBXSourcesBuildPhase section */
		8A7CCE292705EE6300BC098F /* Sources */ = {
			isa = PBXSourcesBuildPhase;
			buildActionMask = 2147483647;
			files = (
				8A7CCE332705EE6300BC098F /* HomeView.swift in Sources */,
				8AB8E73F27B98CB5009082DE /* AlertMessage.swift in Sources */,
				8AC1F19C27B05F8B00781260 /* HiddenNavigationBar.swift in Sources */,
				8A7CCE312705EE6300BC098F /* RootView.swift in Sources */,
				8AC1F19427B0355400781260 /* LoginResponse.swift in Sources */,
				8AB8E73D27B98C9A009082DE /* Alert + Extension.swift in Sources */,
				8AC1F18F27B031C300781260 /* String + Extension.swift in Sources */,
				8AC1F19927B03AE000781260 /* View + Extension.swift in Sources */,
				8A6190B9274719E10098EA94 /* QRCodeView.swift in Sources */,
				8AC1F1A327B070FD00781260 /* TOTPResponse.swift in Sources */,
				8AC1F19127B0326500781260 /* DefaultResponse.swift in Sources */,
				8AC1F19727B0390500781260 /* AuthView.swift in Sources */,
				8AB8E74127B9ABFB009082DE /* ActivityIndicator.swift in Sources */,
				8AC1F18527B02DB000781260 /* API.swift in Sources */,
				8AC1F18727B02DDC00781260 /* NetworkService.swift in Sources */,
				8AC1F18327B02D3C00781260 /* CoreNetwork.swift in Sources */,
			);
			runOnlyForDeploymentPostprocessing = 0;
		};
/* End PBXSourcesBuildPhase section */

/* Begin XCBuildConfiguration section */
		8A7CCE4F2705EE6500BC098F /* Debug */ = {
			isa = XCBuildConfiguration;
			buildSettings = {
				ALWAYS_SEARCH_USER_PATHS = NO;
				CLANG_ANALYZER_NONNULL = YES;
				CLANG_ANALYZER_NUMBER_OBJECT_CONVERSION = YES_AGGRESSIVE;
				CLANG_CXX_LANGUAGE_STANDARD = "gnu++17";
				CLANG_CXX_LIBRARY = "libc++";
				CLANG_ENABLE_MODULES = YES;
				CLANG_ENABLE_OBJC_ARC = YES;
				CLANG_ENABLE_OBJC_WEAK = YES;
				CLANG_WARN_BLOCK_CAPTURE_AUTORELEASING = YES;
				CLANG_WARN_BOOL_CONVERSION = YES;
				CLANG_WARN_COMMA = YES;
				CLANG_WARN_CONSTANT_CONVERSION = YES;
				CLANG_WARN_DEPRECATED_OBJC_IMPLEMENTATIONS = YES;
				CLANG_WARN_DIRECT_OBJC_ISA_USAGE = YES_ERROR;
				CLANG_WARN_DOCUMENTATION_COMMENTS = YES;
				CLANG_WARN_EMPTY_BODY = YES;
				CLANG_WARN_ENUM_CONVERSION = YES;
				CLANG_WARN_INFINITE_RECURSION = YES;
				CLANG_WARN_INT_CONVERSION = YES;
				CLANG_WARN_NON_LITERAL_NULL_CONVERSION = YES;
				CLANG_WARN_OBJC_IMPLICIT_RETAIN_SELF = YES;
				CLANG_WARN_OBJC_LITERAL_CONVERSION = YES;
				CLANG_WARN_OBJC_ROOT_CLASS = YES_ERROR;
				CLANG_WARN_QUOTED_INCLUDE_IN_FRAMEWORK_HEADER = YES;
				CLANG_WARN_RANGE_LOOP_ANALYSIS = YES;
				CLANG_WARN_STRICT_PROTOTYPES = YES;
				CLANG_WARN_SUSPICIOUS_MOVE = YES;
				CLANG_WARN_UNGUARDED_AVAILABILITY = YES_AGGRESSIVE;
				CLANG_WARN_UNREACHABLE_CODE = YES;
				CLANG_WARN__DUPLICATE_METHOD_MATCH = YES;
				COPY_PHASE_STRIP = NO;
				DEBUG_INFORMATION_FORMAT = dwarf;
				ENABLE_STRICT_OBJC_MSGSEND = YES;
				ENABLE_TESTABILITY = YES;
				GCC_C_LANGUAGE_STANDARD = gnu11;
				GCC_DYNAMIC_NO_PIC = NO;
				GCC_NO_COMMON_BLOCKS = YES;
				GCC_OPTIMIZATION_LEVEL = 0;
				GCC_PREPROCESSOR_DEFINITIONS = (
					"DEBUG=1",
					"$(inherited)",
				);
				GCC_WARN_64_TO_32_BIT_CONVERSION = YES;
				GCC_WARN_ABOUT_RETURN_TYPE = YES_ERROR;
				GCC_WARN_UNDECLARED_SELECTOR = YES;
				GCC_WARN_UNINITIALIZED_AUTOS = YES_AGGRESSIVE;
				GCC_WARN_UNUSED_FUNCTION = YES;
				GCC_WARN_UNUSED_VARIABLE = YES;
				IPHONEOS_DEPLOYMENT_TARGET = 14.0;
				MTL_ENABLE_DEBUG_INFO = INCLUDE_SOURCE;
				MTL_FAST_MATH = YES;
				ONLY_ACTIVE_ARCH = YES;
				SDKROOT = iphoneos;
				SWIFT_ACTIVE_COMPILATION_CONDITIONS = DEBUG;
				SWIFT_OPTIMIZATION_LEVEL = "-Onone";
			};
			name = Debug;
		};
		8A7CCE502705EE6500BC098F /* Release */ = {
			isa = XCBuildConfiguration;
			buildSettings = {
				ALWAYS_SEARCH_USER_PATHS = NO;
				CLANG_ANALYZER_NONNULL = YES;
				CLANG_ANALYZER_NUMBER_OBJECT_CONVERSION = YES_AGGRESSIVE;
				CLANG_CXX_LANGUAGE_STANDARD = "gnu++17";
				CLANG_CXX_LIBRARY = "libc++";
				CLANG_ENABLE_MODULES = YES;
				CLANG_ENABLE_OBJC_ARC = YES;
				CLANG_ENABLE_OBJC_WEAK = YES;
				CLANG_WARN_BLOCK_CAPTURE_AUTORELEASING = YES;
				CLANG_WARN_BOOL_CONVERSION = YES;
				CLANG_WARN_COMMA = YES;
				CLANG_WARN_CONSTANT_CONVERSION = YES;
				CLANG_WARN_DEPRECATED_OBJC_IMPLEMENTATIONS = YES;
				CLANG_WARN_DIRECT_OBJC_ISA_USAGE = YES_ERROR;
				CLANG_WARN_DOCUMENTATION_COMMENTS = YES;
				CLANG_WARN_EMPTY_BODY = YES;
				CLANG_WARN_ENUM_CONVERSION = YES;
				CLANG_WARN_INFINITE_RECURSION = YES;
				CLANG_WARN_INT_CONVERSION = YES;
				CLANG_WARN_NON_LITERAL_NULL_CONVERSION = YES;
				CLANG_WARN_OBJC_IMPLICIT_RETAIN_SELF = YES;
				CLANG_WARN_OBJC_LITERAL_CONVERSION = YES;
				CLANG_WARN_OBJC_ROOT_CLASS = YES_ERROR;
				CLANG_WARN_QUOTED_INCLUDE_IN_FRAMEWORK_HEADER = YES;
				CLANG_WARN_RANGE_LOOP_ANALYSIS = YES;
				CLANG_WARN_STRICT_PROTOTYPES = YES;
				CLANG_WARN_SUSPICIOUS_MOVE = YES;
				CLANG_WARN_UNGUARDED_AVAILABILITY = YES_AGGRESSIVE;
				CLANG_WARN_UNREACHABLE_CODE = YES;
				CLANG_WARN__DUPLICATE_METHOD_MATCH = YES;
				COPY_PHASE_STRIP = NO;
				DEBUG_INFORMATION_FORMAT = "dwarf-with-dsym";
				ENABLE_NS_ASSERTIONS = NO;
				ENABLE_STRICT_OBJC_MSGSEND = YES;
				GCC_C_LANGUAGE_STANDARD = gnu11;
				GCC_NO_COMMON_BLOCKS = YES;
				GCC_WARN_64_TO_32_BIT_CONVERSION = YES;
				GCC_WARN_ABOUT_RETURN_TYPE = YES_ERROR;
				GCC_WARN_UNDECLARED_SELECTOR = YES;
				GCC_WARN_UNINITIALIZED_AUTOS = YES_AGGRESSIVE;
				GCC_WARN_UNUSED_FUNCTION = YES;
				GCC_WARN_UNUSED_VARIABLE = YES;
				IPHONEOS_DEPLOYMENT_TARGET = 14.0;
				MTL_ENABLE_DEBUG_INFO = NO;
				MTL_FAST_MATH = YES;
				SDKROOT = iphoneos;
				SWIFT_COMPILATION_MODE = wholemodule;
				SWIFT_OPTIMIZATION_LEVEL = "-O";
				VALIDATE_PRODUCT = YES;
			};
			name = Release;
		};
		8A7CCE522705EE6500BC098F /* Debug */ = {
			isa = XCBuildConfiguration;
			buildSettings = {
				ASSETCATALOG_COMPILER_APPICON_NAME = AppIcon;
				ASSETCATALOG_COMPILER_GLOBAL_ACCENT_COLOR_NAME = AccentColor;
				CODE_SIGN_STYLE = Automatic;
				CURRENT_PROJECT_VERSION = 1;
				DEVELOPMENT_ASSET_PATHS = "\"SaveYourData/Preview Content\"";
				DEVELOPMENT_TEAM = 5FWDYC534G;
				ENABLE_PREVIEWS = YES;
				GENERATE_INFOPLIST_FILE = YES;
				INFOPLIST_FILE = SaveYourData/Info.plist;
				INFOPLIST_KEY_LSApplicationCategoryType = "";
				INFOPLIST_KEY_NSFaceIDUsageDescription = "We need to unlock your data.";
				INFOPLIST_KEY_UIApplicationSceneManifest_Generation = YES;
				INFOPLIST_KEY_UIApplicationSupportsIndirectInputEvents = YES;
				INFOPLIST_KEY_UILaunchScreen_Generation = YES;
				INFOPLIST_KEY_UISupportedInterfaceOrientations = UIInterfaceOrientationPortrait;
				INFOPLIST_KEY_UISupportedInterfaceOrientations_iPad = "UIInterfaceOrientationPortrait UIInterfaceOrientationPortraitUpsideDown UIInterfaceOrientationLandscapeLeft UIInterfaceOrientationLandscapeRight";
				INFOPLIST_KEY_UISupportedInterfaceOrientations_iPhone = UIInterfaceOrientationPortrait;
				IPHONEOS_DEPLOYMENT_TARGET = 14.0;
				LD_RUNPATH_SEARCH_PATHS = (
					"$(inherited)",
					"@executable_path/Frameworks",
				);
				MARKETING_VERSION = 1.0;
				PRODUCT_BUNDLE_IDENTIFIER = ru.Alex.Sarantsev.SaveYourData;
				PRODUCT_NAME = "$(TARGET_NAME)";
				SWIFT_EMIT_LOC_STRINGS = YES;
				SWIFT_VERSION = 5.0;
				TARGETED_DEVICE_FAMILY = "1,2";
			};
			name = Debug;
		};
		8A7CCE532705EE6500BC098F /* Release */ = {
			isa = XCBuildConfiguration;
			buildSettings = {
				ASSETCATALOG_COMPILER_APPICON_NAME = AppIcon;
				ASSETCATALOG_COMPILER_GLOBAL_ACCENT_COLOR_NAME = AccentColor;
				CODE_SIGN_STYLE = Automatic;
				CURRENT_PROJECT_VERSION = 1;
				DEVELOPMENT_ASSET_PATHS = "\"SaveYourData/Preview Content\"";
				DEVELOPMENT_TEAM = 5FWDYC534G;
				ENABLE_PREVIEWS = YES;
				GENERATE_INFOPLIST_FILE = YES;
				INFOPLIST_FILE = SaveYourData/Info.plist;
				INFOPLIST_KEY_LSApplicationCategoryType = "";
				INFOPLIST_KEY_NSFaceIDUsageDescription = "We need to unlock your data.";
				INFOPLIST_KEY_UIApplicationSceneManifest_Generation = YES;
				INFOPLIST_KEY_UIApplicationSupportsIndirectInputEvents = YES;
				INFOPLIST_KEY_UILaunchScreen_Generation = YES;
				INFOPLIST_KEY_UISupportedInterfaceOrientations = UIInterfaceOrientationPortrait;
				INFOPLIST_KEY_UISupportedInterfaceOrientations_iPad = "UIInterfaceOrientationPortrait UIInterfaceOrientationPortraitUpsideDown UIInterfaceOrientationLandscapeLeft UIInterfaceOrientationLandscapeRight";
				INFOPLIST_KEY_UISupportedInterfaceOrientations_iPhone = UIInterfaceOrientationPortrait;
				IPHONEOS_DEPLOYMENT_TARGET = 14.0;
				LD_RUNPATH_SEARCH_PATHS = (
					"$(inherited)",
					"@executable_path/Frameworks",
				);
				MARKETING_VERSION = 1.0;
				PRODUCT_BUNDLE_IDENTIFIER = ru.Alex.Sarantsev.SaveYourData;
				PRODUCT_NAME = "$(TARGET_NAME)";
				SWIFT_EMIT_LOC_STRINGS = YES;
				SWIFT_VERSION = 5.0;
				TARGETED_DEVICE_FAMILY = "1,2";
			};
			name = Release;
		};
/* End XCBuildConfiguration section */

/* Begin XCConfigurationList section */
		8A7CCE282705EE6300BC098F /* Build configuration list for PBXProject "SaveYourData" */ = {
			isa = XCConfigurationList;
			buildConfigurations = (
				8A7CCE4F2705EE6500BC098F /* Debug */,
				8A7CCE502705EE6500BC098F /* Release */,
			);
			defaultConfigurationIsVisible = 0;
			defaultConfigurationName = Release;
		};
		8A7CCE512705EE6500BC098F /* Build configuration list for PBXNativeTarget "SaveYourData" */ = {
			isa = XCConfigurationList;
			buildConfigurations = (
				8A7CCE522705EE6500BC098F /* Debug */,
				8A7CCE532705EE6500BC098F /* Release */,
			);
			defaultConfigurationIsVisible = 0;
			defaultConfigurationName = Release;
		};
/* End XCConfigurationList section */

/* Begin XCRemoteSwiftPackageReference section */
		8A23615627B3076200C3F145 /* XCRemoteSwiftPackageReference "SwiftOTP" */ = {
			isa = XCRemoteSwiftPackageReference;
			repositoryURL = "https://github.com/lachlanbell/SwiftOTP.git";
			requirement = {
				kind = upToNextMajorVersion;
				minimumVersion = 3.0.0;
			};
		};
		8AC1F18A27B02FFF00781260 /* XCRemoteSwiftPackageReference "keychain-swift" */ = {
			isa = XCRemoteSwiftPackageReference;
			repositoryURL = "https://github.com/evgenyneu/keychain-swift.git";
			requirement = {
				kind = upToNextMajorVersion;
				minimumVersion = 19.0.0;
			};
		};
/* End XCRemoteSwiftPackageReference section */

/* Begin XCSwiftPackageProductDependency section */
		8A23615727B3076200C3F145 /* SwiftOTP */ = {
			isa = XCSwiftPackageProductDependency;
			package = 8A23615627B3076200C3F145 /* XCRemoteSwiftPackageReference "SwiftOTP" */;
			productName = SwiftOTP;
		};
		8AC1F18B27B02FFF00781260 /* KeychainSwift */ = {
			isa = XCSwiftPackageProductDependency;
			package = 8AC1F18A27B02FFF00781260 /* XCRemoteSwiftPackageReference "keychain-swift" */;
			productName = KeychainSwift;
		};
/* End XCSwiftPackageProductDependency section */
	};
	rootObject = 8A7CCE252705EE6300BC098F /* Project object */;
}
